// !$*UTF8*$!
{
	archiveVersion = 1;
	classes = {
	};
	objectVersion = 48;
	objects = {

/* Begin PBXFileReference section */
		6D5F63FE204F707900622323 /* client.h */ = {isa = PBXFileReference; lastKnownFileType = sourcecode.c.h; path = client.h; sourceTree = "<group>"; };
		6D5F63FF204F707900622323 /* client.c */ = {isa = PBXFileReference; lastKnownFileType = sourcecode.c.c; path = client.c; sourceTree = "<group>"; };
		6D5F6400204F709500622323 /* server.h */ = {isa = PBXFileReference; lastKnownFileType = sourcecode.c.h; path = server.h; sourceTree = "<group>"; };
		6D5F6401204F709500622323 /* server.c */ = {isa = PBXFileReference; lastKnownFileType = sourcecode.c.c; path = server.c; sourceTree = "<group>"; };
/* End PBXFileReference section */

/* Begin PBXGroup section */
		6D5F63F7204F702900622323 = {
			isa = PBXGroup;
			children = (
				6D5F63FE204F707900622323 /* client.h */,
				6D5F63FF204F707900622323 /* client.c */,
				6D5F6400204F709500622323 /* server.h */,
				6D5F6401204F709500622323 /* server.c */,
			);
			sourceTree = "<group>";
		};
/* End PBXGroup section */

/* Begin PBXProject section */
		6D5F63F8204F702900622323 /* Project object */ = {
			isa = PBXProject;
			attributes = {
				LastUpgradeCheck = 0920;
			};
			buildConfigurationList = 6D5F63FB204F702900622323 /* Build configuration list for PBXProject "TCP_PROGRAMMING" */;
			compatibilityVersion = "Xcode 8.0";
			developmentRegion = en;
			hasScannedForEncodings = 0;
			knownRegions = (
				en,
			);
			mainGroup = 6D5F63F7204F702900622323;
			projectDirPath = "";
			projectRoot = "";
			targets = (
			);
		};
/* End PBXProject section */

/* Begin XCBuildConfiguration section */
		6D5F63FC204F702900622323 /* Debug */ = {
			isa = XCBuildConfiguration;
			buildSettings = {
			};
			name = Debug;
		};
		6D5F63FD204F702900622323 /* Release */ = {
			isa = XCBuildConfiguration;
			buildSettings = {
			};
			name = Release;
		};
/* End XCBuildConfiguration section */

/* Begin XCConfigurationList section */
		6D5F63FB204F702900622323 /* Build configuration list for PBXProject "TCP_PROGRAMMING" */ = {
			isa = XCConfigurationList;
			buildConfigurations = (
				6D5F63FC204F702900622323 /* Debug */,
				6D5F63FD204F702900622323 /* Release */,
			);
			defaultConfigurationIsVisible = 0;
			defaultConfigurationName = Release;
		};
/* End XCConfigurationList section */
	};
	rootObject = 6D5F63F8204F702900622323 /* Project object */;
}
